
Microsoft Visual Studio Solution File, Format Version 12.00
# Visual Studio Version 17
VisualStudioVersion = 17.14.36301.6 d17.14
MinimumVisualStudioVersion = 10.0.40219.1
Project("{FAE04EC0-301F-11D3-BF4B-00C04F79EFBC}") = "CodeLineHealthCareCenter", "CodeLineHealthCareCenter.csproj", "{1A51F70B-0B76-4EA1-9DB0-C6451FD81CCA}"
EndProject
Global
	GlobalSection(SolutionConfigurationPlatforms) = preSolution
		Debug|Any CPU = Debug|Any CPU
		Release|Any CPU = Release|Any CPU
	EndGlobalSection
	GlobalSection(ProjectConfigurationPlatforms) = postSolution
		{1A51F70B-0B76-4EA1-9DB0-C6451FD81CCA}.Debug|Any CPU.ActiveCfg = Debug|Any CPU
		{1A51F70B-0B76-4EA1-9DB0-C6451FD81CCA}.Debug|Any CPU.Build.0 = Debug|Any CPU
		{1A51F70B-0B76-4EA1-9DB0-C6451FD81CCA}.Release|Any CPU.ActiveCfg = Release|Any CPU
		{1A51F70B-0B76-4EA1-9DB0-C6451FD81CCA}.Release|Any CPU.Build.0 = Release|Any CPU
	EndGlobalSection
	GlobalSection(SolutionProperties) = preSolution
		HideSolutionNode = FALSE
	EndGlobalSection
	GlobalSection(ExtensibilityGlobals) = postSolution
		SolutionGuid = {FFF3E04C-C6FF-4F96-A848-D21E5C183743}
	EndGlobalSection
EndGlobal
